<Solution>
  <Folder Name="/day01/">
    <Project Path="day01/part1/part1.csproj" />
    <Project Path="day01/part2/part2.csproj" />
  </Folder>
  <Folder Name="/day02/">
    <Project Path="day02/day02.csproj" />
  </Folder>
  <Folder Name="/day03/">
    <Project Path="day03/Day3.Tests/Day3.Tests.csproj" />
    <Project Path="day03\Day3.Main\Day3.Main.csproj" />
  </Folder>
  <Folder Name="/day04/">
    <Project Path="day04/main/main.csproj" />
    <Project Path="day04/tests/tests.csproj" />
  </Folder>
  <Folder Name="/day05/">
    <Project Path="day05/main/main.csproj" />
    <Project Path="day05/tests/tests.csproj" />
  </Folder>
  <Folder Name="/day06/">
    <Project Path="day06/main/main.csproj" />
    <Project Path="day06/tests/tests.csproj" />
  </Folder>
  <Folder Name="/day07/">
    <Project Path="day07/main/main.csproj" />
    <Project Path="day07/tests/tests.csproj" />
  </Folder>
  <Folder Name="/day08/">
    <Project Path="day08/main/main.csproj" />
    <Project Path="day08/tests/tests.csproj" />
  </Folder>
  <Folder Name="/day09/">
    <Project Path="day09/main/main.csproj" />
    <Project Path="day09/tests/tests.csproj" />
  </Folder>
  <Folder Name="/day10/">
    <Project Path="day10/main/main.csproj" />
    <Project Path="day10/tests/tests.csproj" />
  </Folder>
  <Folder Name="/day11/">
    <Project Path="day11/main/main.csproj" />
    <Project Path="day11/tests/tests.csproj" />
  </Folder>
  <Folder Name="/day12/">
    <Project Path="day12/main/main.csproj" />
    <Project Path="day12/tests/tests.csproj" />
  </Folder>
  <Folder Name="/day13/">
    <Project Path="day13/main/main.csproj" />
    <Project Path="day13/tests/tests.csproj" />
  </Folder>
  <Folder Name="/day14/">
    <Project Path="day14/main/main.csproj" />
    <Project Path="day14/tests/tests.csproj" />
  </Folder>
  <Folder Name="/day15/">
    <Project Path="day15/main/main.csproj" />
    <Project Path="day15/tests/tests.csproj" />
  </Folder>
  <Folder Name="/day16/">
    <Project Path="day16/main/main.csproj" />
    <Project Path="day16/tests/tests.csproj" />
  </Folder>
  <Folder Name="/day17/">
    <Project Path="day17/main/main.csproj" />
    <Project Path="day17/tests/tests.csproj" />
  </Folder>
  <Folder Name="/day18/">
    <Project Path="day18/main/main.csproj" />
    <Project Path="day18/tests/tests.csproj" />
  </Folder>
  <Folder Name="/day19/">
    <Project Path="day19/main/main.csproj" />
    <Project Path="day19/tests/tests.csproj" />
  </Folder>
  <Folder Name="/day20/">
    <Project Path="day20/main/main.csproj" />
    <Project Path="day20/tests/tests.csproj" />
  </Folder>
  <Folder Name="/day21/">
    <Project Path="day21/main/main.csproj" />
    <Project Path="day21/tests/tests.csproj" />
  </Folder>
  <Folder Name="/day22/">
    <Project Path="day22/main/main.csproj" />
    <Project Path="day22/tests/tests.csproj" />
  </Folder>
  <Folder Name="/day23/">
    <Project Path="day23/main/main.csproj" />
    <Project Path="day23/tests/tests.csproj" />
  </Folder>
  <Folder Name="/day24/">
    <Project Path="day24/main/main.csproj" />
    <Project Path="day24/tests/tests.csproj" />
  </Folder>
</Solution>
